
Microsoft Visual Studio Solution File, Format Version 12.00
# Visual Studio Version 16
VisualStudioVersion = 16.0.29424.173
MinimumVisualStudioVersion = 10.0.40219.1
Project("{FAE04EC0-301F-11D3-BF4B-00C04F79EFBC}") = "kogebogen", "kogebogen.csproj", "{55EB9ECF-C9D0-4A69-8C9B-9DCA41BB0BDB}"
EndProject
Global
	GlobalSection(SolutionConfigurationPlatforms) = preSolution
		Debug|Any CPU = Debug|Any CPU
		Release|Any CPU = Release|Any CPU
	EndGlobalSection
	GlobalSection(ProjectConfigurationPlatforms) = postSolution
		{55EB9ECF-C9D0-4A69-8C9B-9DCA41BB0BDB}.Debug|Any CPU.ActiveCfg = Debug|Any CPU
		{55EB9ECF-C9D0-4A69-8C9B-9DCA41BB0BDB}.Debug|Any CPU.Build.0 = Debug|Any CPU
		{55EB9ECF-C9D0-4A69-8C9B-9DCA41BB0BDB}.Release|Any CPU.ActiveCfg = Release|Any CPU
		{55EB9ECF-C9D0-4A69-8C9B-9DCA41BB0BDB}.Release|Any CPU.Build.0 = Release|Any CPU
	EndGlobalSection
	GlobalSection(SolutionProperties) = preSolution
		HideSolutionNode = FALSE
	EndGlobalSection
	GlobalSection(ExtensibilityGlobals) = postSolution
		SolutionGuid = {EF142375-D47C-48C3-A3B8-9B296C6C723D}
	EndGlobalSection
EndGlobal
